
Microsoft Visual Studio Solution File, Format Version 12.00
# Visual Studio 14
VisualStudioVersion = 14.0.25420.1
MinimumVisualStudioVersion = 10.0.40219.1
Project("{FAE04EC0-301F-11D3-BF4B-00C04F79EFBC}") = "Video_Week_08", "Video_Week_08\Video_Week_08.csproj", "{21DCBDF0-3A6C-47C5-9A31-E1D19CA53A4C}"
EndProject
Project("{FAE04EC0-301F-11D3-BF4B-00C04F79EFBC}") = "Code Example 02", "Code Example 02\Code Example 02.csproj", "{05985665-D435-4342-9804-10BF3472DD08}"
EndProject
Project("{FAE04EC0-301F-11D3-BF4B-00C04F79EFBC}") = "HandlingExceptions", "HandlingExceptions\HandlingExceptions.csproj", "{F8377838-E367-4DA7-BF85-AFC72737BB8B}"
EndProject
Global
	GlobalSection(SolutionConfigurationPlatforms) = preSolution
		Debug|Any CPU = Debug|Any CPU
		Release|Any CPU = Release|Any CPU
	EndGlobalSection
	GlobalSection(ProjectConfigurationPlatforms) = postSolution
		{21DCBDF0-3A6C-47C5-9A31-E1D19CA53A4C}.Debug|Any CPU.ActiveCfg = Debug|Any CPU
		{21DCBDF0-3A6C-47C5-9A31-E1D19CA53A4C}.Debug|Any CPU.Build.0 = Debug|Any CPU
		{21DCBDF0-3A6C-47C5-9A31-E1D19CA53A4C}.Release|Any CPU.ActiveCfg = Release|Any CPU
		{21DCBDF0-3A6C-47C5-9A31-E1D19CA53A4C}.Release|Any CPU.Build.0 = Release|Any CPU
		{05985665-D435-4342-9804-10BF3472DD08}.Debug|Any CPU.ActiveCfg = Debug|Any CPU
		{05985665-D435-4342-9804-10BF3472DD08}.Debug|Any CPU.Build.0 = Debug|Any CPU
		{05985665-D435-4342-9804-10BF3472DD08}.Release|Any CPU.ActiveCfg = Release|Any CPU
		{05985665-D435-4342-9804-10BF3472DD08}.Release|Any CPU.Build.0 = Release|Any CPU
		{F8377838-E367-4DA7-BF85-AFC72737BB8B}.Debug|Any CPU.ActiveCfg = Debug|Any CPU
		{F8377838-E367-4DA7-BF85-AFC72737BB8B}.Debug|Any CPU.Build.0 = Debug|Any CPU
		{F8377838-E367-4DA7-BF85-AFC72737BB8B}.Release|Any CPU.ActiveCfg = Release|Any CPU
		{F8377838-E367-4DA7-BF85-AFC72737BB8B}.Release|Any CPU.Build.0 = Release|Any CPU
	EndGlobalSection
	GlobalSection(SolutionProperties) = preSolution
		HideSolutionNode = FALSE
	EndGlobalSection
EndGlobal
